
Microsoft Visual Studio Solution File, Format Version 12.00
# Visual Studio Version 17
VisualStudioVersion = 17.9.34728.123
MinimumVisualStudioVersion = 10.0.40219.1
Project("{FAE04EC0-301F-11D3-BF4B-00C04F79EFBC}") = "Web project", "Web project\Web project.csproj", "{3DEFE2E2-EA2E-483A-AC41-9D5F48B0C212}"
EndProject
Global
	GlobalSection(SolutionConfigurationPlatforms) = preSolution
		Debug|Any CPU = Debug|Any CPU
		Release|Any CPU = Release|Any CPU
	EndGlobalSection
	GlobalSection(ProjectConfigurationPlatforms) = postSolution
		{3DEFE2E2-EA2E-483A-AC41-9D5F48B0C212}.Debug|Any CPU.ActiveCfg = Debug|Any CPU
		{3DEFE2E2-EA2E-483A-AC41-9D5F48B0C212}.Debug|Any CPU.Build.0 = Debug|Any CPU
		{3DEFE2E2-EA2E-483A-AC41-9D5F48B0C212}.Release|Any CPU.ActiveCfg = Release|Any CPU
		{3DEFE2E2-EA2E-483A-AC41-9D5F48B0C212}.Release|Any CPU.Build.0 = Release|Any CPU
	EndGlobalSection
	GlobalSection(SolutionProperties) = preSolution
		HideSolutionNode = FALSE
	EndGlobalSection
	GlobalSection(ExtensibilityGlobals) = postSolution
		SolutionGuid = {B6699B69-DBF8-49FC-AEE3-B8CF5E955657}
	EndGlobalSection
EndGlobal
